
Microsoft Visual Studio Solution File, Format Version 12.00
# Visual Studio Version 18
VisualStudioVersion = 18.3.11222.16
MinimumVisualStudioVersion = 10.0.40219.1
Project("{2150E333-8FDC-42A3-9474-1A3956D46DE8}") = "Common", "Common", "{981CA831-BC43-49E7-A02A-A4E0D625C383}"
EndProject
Project("{2150E333-8FDC-42A3-9474-1A3956D46DE8}") = "Solution Items", "Solution Items", "{DFE966D6-0E1F-425F-87F5-BE53441624B6}"
	ProjectSection(SolutionItems) = preProject
		.dockerignore = .dockerignore
		.editorconfig = .editorconfig
		.gitignore = .gitignore
		Directory.Build.props = Directory.Build.props
		Directory.Packages.props = Directory.Packages.props
	EndProjectSection
EndProject
Project("{2150E333-8FDC-42A3-9474-1A3956D46DE8}") = "src", "src", "{8D0D8232-C48D-49D8-9269-C48AA71B8954}"
EndProject
Project("{2150E333-8FDC-42A3-9474-1A3956D46DE8}") = "Modules", "Modules", "{5592197E-EE52-4824-B12B-419EB1AE8D27}"
EndProject
Project("{2150E333-8FDC-42A3-9474-1A3956D46DE8}") = "API", "API", "{0D53D6E1-8729-4A5E-A378-D32E447540FB}"
EndProject
Project("{FAE04EC0-301F-11D3-BF4B-00C04F79EFBC}") = "MyFinance.Api", "src\API\MyFinance.Api\MyFinance.Api.csproj", "{640153D9-6A1E-A4B3-90FE-9EE6953577C2}"
EndProject
Project("{2150E333-8FDC-42A3-9474-1A3956D46DE8}") = "Ledger", "Ledger", "{599F9F44-737A-4694-927C-86A4B745B739}"
EndProject
Project("{FAE04EC0-301F-11D3-BF4B-00C04F79EFBC}") = "MyFinance.Ledger.Domain", "src\Modules\Ledger\MyFinance.Ledger.Domain\MyFinance.Ledger.Domain.csproj", "{49D31BA4-5198-4984-928B-370884809480}"
EndProject
Project("{FAE04EC0-301F-11D3-BF4B-00C04F79EFBC}") = "MyFinance.Ledger.Infrastructure", "src\Modules\Ledger\MyFinance.Ledger.Infrastructure\MyFinance.Ledger.Infrastructure.csproj", "{E8884203-C982-4AC8-8466-EF06A59F464E}"
EndProject
Project("{FAE04EC0-301F-11D3-BF4B-00C04F79EFBC}") = "MyFinance.Ledger.Application", "src\Modules\Ledger\MyFinance.Ledger.Data\MyFinance.Ledger.Application\MyFinance.Ledger.Application.csproj", "{C4B39EF6-1E8E-4EFE-8545-BF2FEC72D836}"
EndProject
Project("{FAE04EC0-301F-11D3-BF4B-00C04F79EFBC}") = "MyFinance.Messaging", "src\Common\MyFinance.Messaging\MyFinance.Messaging.csproj", "{6399EAE4-3613-4F81-86E4-59962032DA03}"
EndProject
Project("{FAE04EC0-301F-11D3-BF4B-00C04F79EFBC}") = "MyFinance.Results", "src\Common\MyFinance.Results\MyFinance.Results.csproj", "{00C1F0E0-E2B1-43B8-87A0-DAD56B7D2FD6}"
EndProject
Project("{FAE04EC0-301F-11D3-BF4B-00C04F79EFBC}") = "MyFinance.Common.Domain", "src\Common\MyFinance.Common.Domain\MyFinance.Common.Domain.csproj", "{CE63E25E-CA96-92A2-69B3-E5217C2098D8}"
EndProject
Project("{FAE04EC0-301F-11D3-BF4B-00C04F79EFBC}") = "MyFinance.Common.Application", "src\Common\MyFinance.Common.Application\MyFinance.Common.Application.csproj", "{4586E9A0-D586-4B1E-AABA-284F6A6CFEA1}"
EndProject
Project("{FAE04EC0-301F-11D3-BF4B-00C04F79EFBC}") = "MyFinance.CodeAnalysis", "src\Common\MyFinance.CodeAnalysis\MyFinance.CodeAnalysis.csproj", "{AD41694F-B347-499A-9D2E-FE39FE324B44}"
EndProject
Project("{FAE04EC0-301F-11D3-BF4B-00C04F79EFBC}") = "MyFinance.Common.Infrastructure", "src\Common\MyFinance.Common.Infrastructure\MyFinance.Common.Infrastructure.csproj", "{9066550C-A105-4E4F-8044-7629C553E82F}"
EndProject
Project("{E53339B2-1760-4266-BCC7-CA923CBCF16C}") = "docker-compose", "docker-compose.dcproj", "{81DDED9D-158B-E303-5F62-77A2896D2A5A}"
EndProject
Project("{2150E333-8FDC-42A3-9474-1A3956D46DE8}") = "Tests", "Tests", "{BE30D9A6-4398-419E-BCE0-0C2F07ECCC25}"
EndProject
Project("{FAE04EC0-301F-11D3-BF4B-00C04F79EFBC}") = "MyFinance.Ledger.UnitTests", "src\Modules\Ledger\Tests\MyFinance.Ledger.UnitTests\MyFinance.Ledger.UnitTests.csproj", "{36F428FB-819F-41A5-B677-94CD88C1A60B}"
EndProject
Project("{2150E333-8FDC-42A3-9474-1A3956D46DE8}") = "Pluggy", "Pluggy", "{9F335CCF-D232-4A80-8AC2-36B86809ECEE}"
EndProject
Project("{FAE04EC0-301F-11D3-BF4B-00C04F79EFBC}") = "MyFinance.Pluggy.Domain", "src\Modules\Pluggy\MyFinance.Pluggy.Domain\MyFinance.Pluggy.Domain.csproj", "{95B40166-9E0B-408A-ADCA-D8725989707D}"
EndProject
Project("{FAE04EC0-301F-11D3-BF4B-00C04F79EFBC}") = "MyFinance.Pluggy.Application", "src\Modules\Pluggy\MyFinance.Pluggy.Application\MyFinance.Pluggy.Application.csproj", "{6439A043-1546-41B9-BC41-F586DDD94889}"
EndProject
Project("{FAE04EC0-301F-11D3-BF4B-00C04F79EFBC}") = "MyFinance.Pluggy.Infrastructure", "src\Modules\Pluggy\MyFinance.Pluggy.Infrastructure\MyFinance.Pluggy.Infrastructure.csproj", "{B97A73E1-FFAD-4BA9-9F95-A10BD3C14732}"
EndProject
Global
	GlobalSection(SolutionConfigurationPlatforms) = preSolution
		Debug|Any CPU = Debug|Any CPU
		Debug|x64 = Debug|x64
		Debug|x86 = Debug|x86
		Release|Any CPU = Release|Any CPU
		Release|x64 = Release|x64
		Release|x86 = Release|x86
	EndGlobalSection
	GlobalSection(ProjectConfigurationPlatforms) = postSolution
		{640153D9-6A1E-A4B3-90FE-9EE6953577C2}.Debug|Any CPU.ActiveCfg = Debug|Any CPU
		{640153D9-6A1E-A4B3-90FE-9EE6953577C2}.Debug|Any CPU.Build.0 = Debug|Any CPU
		{640153D9-6A1E-A4B3-90FE-9EE6953577C2}.Debug|x64.ActiveCfg = Debug|Any CPU
		{640153D9-6A1E-A4B3-90FE-9EE6953577C2}.Debug|x64.Build.0 = Debug|Any CPU
		{640153D9-6A1E-A4B3-90FE-9EE6953577C2}.Debug|x86.ActiveCfg = Debug|Any CPU
		{640153D9-6A1E-A4B3-90FE-9EE6953577C2}.Debug|x86.Build.0 = Debug|Any CPU
		{640153D9-6A1E-A4B3-90FE-9EE6953577C2}.Release|Any CPU.ActiveCfg = Release|Any CPU
		{640153D9-6A1E-A4B3-90FE-9EE6953577C2}.Release|Any CPU.Build.0 = Release|Any CPU
		{640153D9-6A1E-A4B3-90FE-9EE6953577C2}.Release|x64.ActiveCfg = Release|Any CPU
		{640153D9-6A1E-A4B3-90FE-9EE6953577C2}.Release|x64.Build.0 = Release|Any CPU
		{640153D9-6A1E-A4B3-90FE-9EE6953577C2}.Release|x86.ActiveCfg = Release|Any CPU
		{640153D9-6A1E-A4B3-90FE-9EE6953577C2}.Release|x86.Build.0 = Release|Any CPU
		{49D31BA4-5198-4984-928B-370884809480}.Debug|Any CPU.ActiveCfg = Debug|Any CPU
		{49D31BA4-5198-4984-928B-370884809480}.Debug|Any CPU.Build.0 = Debug|Any CPU
		{49D31BA4-5198-4984-928B-370884809480}.Debug|x64.ActiveCfg = Debug|Any CPU
		{49D31BA4-5198-4984-928B-370884809480}.Debug|x64.Build.0 = Debug|Any CPU
		{49D31BA4-5198-4984-928B-370884809480}.Debug|x86.ActiveCfg = Debug|Any CPU
		{49D31BA4-5198-4984-928B-370884809480}.Debug|x86.Build.0 = Debug|Any CPU
		{49D31BA4-5198-4984-928B-370884809480}.Release|Any CPU.ActiveCfg = Release|Any CPU
		{49D31BA4-5198-4984-928B-370884809480}.Release|Any CPU.Build.0 = Release|Any CPU
		{49D31BA4-5198-4984-928B-370884809480}.Release|x64.ActiveCfg = Release|Any CPU
		{49D31BA4-5198-4984-928B-370884809480}.Release|x64.Build.0 = Release|Any CPU
		{49D31BA4-5198-4984-928B-370884809480}.Release|x86.ActiveCfg = Release|Any CPU
		{49D31BA4-5198-4984-928B-370884809480}.Release|x86.Build.0 = Release|Any CPU
		{E8884203-C982-4AC8-8466-EF06A59F464E}.Debug|Any CPU.ActiveCfg = Debug|Any CPU
		{E8884203-C982-4AC8-8466-EF06A59F464E}.Debug|Any CPU.Build.0 = Debug|Any CPU
		{E8884203-C982-4AC8-8466-EF06A59F464E}.Debug|x64.ActiveCfg = Debug|Any CPU
		{E8884203-C982-4AC8-8466-EF06A59F464E}.Debug|x64.Build.0 = Debug|Any CPU
		{E8884203-C982-4AC8-8466-EF06A59F464E}.Debug|x86.ActiveCfg = Debug|Any CPU
		{E8884203-C982-4AC8-8466-EF06A59F464E}.Debug|x86.Build.0 = Debug|Any CPU
		{E8884203-C982-4AC8-8466-EF06A59F464E}.Release|Any CPU.ActiveCfg = Release|Any CPU
		{E8884203-C982-4AC8-8466-EF06A59F464E}.Release|Any CPU.Build.0 = Release|Any CPU
		{E8884203-C982-4AC8-8466-EF06A59F464E}.Release|x64.ActiveCfg = Release|Any CPU
		{E8884203-C982-4AC8-8466-EF06A59F464E}.Release|x64.Build.0 = Release|Any CPU
		{E8884203-C982-4AC8-8466-EF06A59F464E}.Release|x86.ActiveCfg = Release|Any CPU
		{E8884203-C982-4AC8-8466-EF06A59F464E}.Release|x86.Build.0 = Release|Any CPU
		{C4B39EF6-1E8E-4EFE-8545-BF2FEC72D836}.Debug|Any CPU.ActiveCfg = Debug|Any CPU
		{C4B39EF6-1E8E-4EFE-8545-BF2FEC72D836}.Debug|Any CPU.Build.0 = Debug|Any CPU
		{C4B39EF6-1E8E-4EFE-8545-BF2FEC72D836}.Debug|x64.ActiveCfg = Debug|Any CPU
		{C4B39EF6-1E8E-4EFE-8545-BF2FEC72D836}.Debug|x64.Build.0 = Debug|Any CPU
		{C4B39EF6-1E8E-4EFE-8545-BF2FEC72D836}.Debug|x86.ActiveCfg = Debug|Any CPU
		{C4B39EF6-1E8E-4EFE-8545-BF2FEC72D836}.Debug|x86.Build.0 = Debug|Any CPU
		{C4B39EF6-1E8E-4EFE-8545-BF2FEC72D836}.Release|Any CPU.ActiveCfg = Release|Any CPU
		{C4B39EF6-1E8E-4EFE-8545-BF2FEC72D836}.Release|Any CPU.Build.0 = Release|Any CPU
		{C4B39EF6-1E8E-4EFE-8545-BF2FEC72D836}.Release|x64.ActiveCfg = Release|Any CPU
		{C4B39EF6-1E8E-4EFE-8545-BF2FEC72D836}.Release|x64.Build.0 = Release|Any CPU
		{C4B39EF6-1E8E-4EFE-8545-BF2FEC72D836}.Release|x86.ActiveCfg = Release|Any CPU
		{C4B39EF6-1E8E-4EFE-8545-BF2FEC72D836}.Release|x86.Build.0 = Release|Any CPU
		{6399EAE4-3613-4F81-86E4-59962032DA03}.Debug|Any CPU.ActiveCfg = Debug|Any CPU
		{6399EAE4-3613-4F81-86E4-59962032DA03}.Debug|Any CPU.Build.0 = Debug|Any CPU
		{6399EAE4-3613-4F81-86E4-59962032DA03}.Debug|x64.ActiveCfg = Debug|Any CPU
		{6399EAE4-3613-4F81-86E4-59962032DA03}.Debug|x64.Build.0 = Debug|Any CPU
		{6399EAE4-3613-4F81-86E4-59962032DA03}.Debug|x86.ActiveCfg = Debug|Any CPU
		{6399EAE4-3613-4F81-86E4-59962032DA03}.Debug|x86.Build.0 = Debug|Any CPU
		{6399EAE4-3613-4F81-86E4-59962032DA03}.Release|Any CPU.ActiveCfg = Release|Any CPU
		{6399EAE4-3613-4F81-86E4-59962032DA03}.Release|Any CPU.Build.0 = Release|Any CPU
		{6399EAE4-3613-4F81-86E4-59962032DA03}.Release|x64.ActiveCfg = Release|Any CPU
		{6399EAE4-3613-4F81-86E4-59962032DA03}.Release|x64.Build.0 = Release|Any CPU
		{6399EAE4-3613-4F81-86E4-59962032DA03}.Release|x86.ActiveCfg = Release|Any CPU
		{6399EAE4-3613-4F81-86E4-59962032DA03}.Release|x86.Build.0 = Release|Any CPU
		{00C1F0E0-E2B1-43B8-87A0-DAD56B7D2FD6}.Debug|Any CPU.ActiveCfg = Debug|Any CPU
		{00C1F0E0-E2B1-43B8-87A0-DAD56B7D2FD6}.Debug|Any CPU.Build.0 = Debug|Any CPU
		{00C1F0E0-E2B1-43B8-87A0-DAD56B7D2FD6}.Debug|x64.ActiveCfg = Debug|Any CPU
		{00C1F0E0-E2B1-43B8-87A0-DAD56B7D2FD6}.Debug|x64.Build.0 = Debug|Any CPU
		{00C1F0E0-E2B1-43B8-87A0-DAD56B7D2FD6}.Debug|x86.ActiveCfg = Debug|Any CPU
		{00C1F0E0-E2B1-43B8-87A0-DAD56B7D2FD6}.Debug|x86.Build.0 = Debug|Any CPU
		{00C1F0E0-E2B1-43B8-87A0-DAD56B7D2FD6}.Release|Any CPU.ActiveCfg = Release|Any CPU
		{00C1F0E0-E2B1-43B8-87A0-DAD56B7D2FD6}.Release|Any CPU.Build.0 = Release|Any CPU
		{00C1F0E0-E2B1-43B8-87A0-DAD56B7D2FD6}.Release|x64.ActiveCfg = Release|Any CPU
		{00C1F0E0-E2B1-43B8-87A0-DAD56B7D2FD6}.Release|x64.Build.0 = Release|Any CPU
		{00C1F0E0-E2B1-43B8-87A0-DAD56B7D2FD6}.Release|x86.ActiveCfg = Release|Any CPU
		{00C1F0E0-E2B1-43B8-87A0-DAD56B7D2FD6}.Release|x86.Build.0 = Release|Any CPU
		{CE63E25E-CA96-92A2-69B3-E5217C2098D8}.Debug|Any CPU.ActiveCfg = Debug|Any CPU
		{CE63E25E-CA96-92A2-69B3-E5217C2098D8}.Debug|Any CPU.Build.0 = Debug|Any CPU
		{CE63E25E-CA96-92A2-69B3-E5217C2098D8}.Debug|x64.ActiveCfg = Debug|Any CPU
		{CE63E25E-CA96-92A2-69B3-E5217C2098D8}.Debug|x64.Build.0 = Debug|Any CPU
		{CE63E25E-CA96-92A2-69B3-E5217C2098D8}.Debug|x86.ActiveCfg = Debug|Any CPU
		{CE63E25E-CA96-92A2-69B3-E5217C2098D8}.Debug|x86.Build.0 = Debug|Any CPU
		{CE63E25E-CA96-92A2-69B3-E5217C2098D8}.Release|Any CPU.ActiveCfg = Release|Any CPU
		{CE63E25E-CA96-92A2-69B3-E5217C2098D8}.Release|Any CPU.Build.0 = Release|Any CPU
		{CE63E25E-CA96-92A2-69B3-E5217C2098D8}.Release|x64.ActiveCfg = Release|Any CPU
		{CE63E25E-CA96-92A2-69B3-E5217C2098D8}.Release|x64.Build.0 = Release|Any CPU
		{CE63E25E-CA96-92A2-69B3-E5217C2098D8}.Release|x86.ActiveCfg = Release|Any CPU
		{CE63E25E-CA96-92A2-69B3-E5217C2098D8}.Release|x86.Build.0 = Release|Any CPU
		{4586E9A0-D586-4B1E-AABA-284F6A6CFEA1}.Debug|Any CPU.ActiveCfg = Debug|Any CPU
		{4586E9A0-D586-4B1E-AABA-284F6A6CFEA1}.Debug|Any CPU.Build.0 = Debug|Any CPU
		{4586E9A0-D586-4B1E-AABA-284F6A6CFEA1}.Debug|x64.ActiveCfg = Debug|Any CPU
		{4586E9A0-D586-4B1E-AABA-284F6A6CFEA1}.Debug|x64.Build.0 = Debug|Any CPU
		{4586E9A0-D586-4B1E-AABA-284F6A6CFEA1}.Debug|x86.ActiveCfg = Debug|Any CPU
		{4586E9A0-D586-4B1E-AABA-284F6A6CFEA1}.Debug|x86.Build.0 = Debug|Any CPU
		{4586E9A0-D586-4B1E-AABA-284F6A6CFEA1}.Release|Any CPU.ActiveCfg = Release|Any CPU
		{4586E9A0-D586-4B1E-AABA-284F6A6CFEA1}.Release|Any CPU.Build.0 = Release|Any CPU
		{4586E9A0-D586-4B1E-AABA-284F6A6CFEA1}.Release|x64.ActiveCfg = Release|Any CPU
		{4586E9A0-D586-4B1E-AABA-284F6A6CFEA1}.Release|x64.Build.0 = Release|Any CPU
		{4586E9A0-D586-4B1E-AABA-284F6A6CFEA1}.Release|x86.ActiveCfg = Release|Any CPU
		{4586E9A0-D586-4B1E-AABA-284F6A6CFEA1}.Release|x86.Build.0 = Release|Any CPU
		{AD41694F-B347-499A-9D2E-FE39FE324B44}.Debug|Any CPU.ActiveCfg = Debug|Any CPU
		{AD41694F-B347-499A-9D2E-FE39FE324B44}.Debug|Any CPU.Build.0 = Debug|Any CPU
		{AD41694F-B347-499A-9D2E-FE39FE324B44}.Debug|x64.ActiveCfg = Debug|Any CPU
		{AD41694F-B347-499A-9D2E-FE39FE324B44}.Debug|x64.Build.0 = Debug|Any CPU
		{AD41694F-B347-499A-9D2E-FE39FE324B44}.Debug|x86.ActiveCfg = Debug|Any CPU
		{AD41694F-B347-499A-9D2E-FE39FE324B44}.Debug|x86.Build.0 = Debug|Any CPU
		{AD41694F-B347-499A-9D2E-FE39FE324B44}.Release|Any CPU.ActiveCfg = Release|Any CPU
		{AD41694F-B347-499A-9D2E-FE39FE324B44}.Release|Any CPU.Build.0 = Release|Any CPU
		{AD41694F-B347-499A-9D2E-FE39FE324B44}.Release|x64.ActiveCfg = Release|Any CPU
		{AD41694F-B347-499A-9D2E-FE39FE324B44}.Release|x64.Build.0 = Release|Any CPU
		{AD41694F-B347-499A-9D2E-FE39FE324B44}.Release|x86.ActiveCfg = Release|Any CPU
		{AD41694F-B347-499A-9D2E-FE39FE324B44}.Release|x86.Build.0 = Release|Any CPU
		{9066550C-A105-4E4F-8044-7629C553E82F}.Debug|Any CPU.ActiveCfg = Debug|Any CPU
		{9066550C-A105-4E4F-8044-7629C553E82F}.Debug|Any CPU.Build.0 = Debug|Any CPU
		{9066550C-A105-4E4F-8044-7629C553E82F}.Debug|x64.ActiveCfg = Debug|Any CPU
		{9066550C-A105-4E4F-8044-7629C553E82F}.Debug|x64.Build.0 = Debug|Any CPU
		{9066550C-A105-4E4F-8044-7629C553E82F}.Debug|x86.ActiveCfg = Debug|Any CPU
		{9066550C-A105-4E4F-8044-7629C553E82F}.Debug|x86.Build.0 = Debug|Any CPU
		{9066550C-A105-4E4F-8044-7629C553E82F}.Release|Any CPU.ActiveCfg = Release|Any CPU
		{9066550C-A105-4E4F-8044-7629C553E82F}.Release|Any CPU.Build.0 = Release|Any CPU
		{9066550C-A105-4E4F-8044-7629C553E82F}.Release|x64.ActiveCfg = Release|Any CPU
		{9066550C-A105-4E4F-8044-7629C553E82F}.Release|x64.Build.0 = Release|Any CPU
		{9066550C-A105-4E4F-8044-7629C553E82F}.Release|x86.ActiveCfg = Release|Any CPU
		{9066550C-A105-4E4F-8044-7629C553E82F}.Release|x86.Build.0 = Release|Any CPU
		{81DDED9D-158B-E303-5F62-77A2896D2A5A}.Debug|Any CPU.ActiveCfg = Debug|Any CPU
		{81DDED9D-158B-E303-5F62-77A2896D2A5A}.Debug|Any CPU.Build.0 = Debug|Any CPU
		{81DDED9D-158B-E303-5F62-77A2896D2A5A}.Debug|x64.ActiveCfg = Debug|x64
		{81DDED9D-158B-E303-5F62-77A2896D2A5A}.Debug|x86.ActiveCfg = Debug|x86
		{81DDED9D-158B-E303-5F62-77A2896D2A5A}.Release|Any CPU.ActiveCfg = Release|Any CPU
		{81DDED9D-158B-E303-5F62-77A2896D2A5A}.Release|Any CPU.Build.0 = Release|Any CPU
		{81DDED9D-158B-E303-5F62-77A2896D2A5A}.Release|x64.ActiveCfg = Release|x64
		{81DDED9D-158B-E303-5F62-77A2896D2A5A}.Release|x86.ActiveCfg = Release|x86
		{36F428FB-819F-41A5-B677-94CD88C1A60B}.Debug|Any CPU.ActiveCfg = Debug|Any CPU
		{36F428FB-819F-41A5-B677-94CD88C1A60B}.Debug|Any CPU.Build.0 = Debug|Any CPU
		{36F428FB-819F-41A5-B677-94CD88C1A60B}.Debug|x64.ActiveCfg = Debug|Any CPU
		{36F428FB-819F-41A5-B677-94CD88C1A60B}.Debug|x64.Build.0 = Debug|Any CPU
		{36F428FB-819F-41A5-B677-94CD88C1A60B}.Debug|x86.ActiveCfg = Debug|Any CPU
		{36F428FB-819F-41A5-B677-94CD88C1A60B}.Debug|x86.Build.0 = Debug|Any CPU
		{36F428FB-819F-41A5-B677-94CD88C1A60B}.Release|Any CPU.ActiveCfg = Release|Any CPU
		{36F428FB-819F-41A5-B677-94CD88C1A60B}.Release|Any CPU.Build.0 = Release|Any CPU
		{36F428FB-819F-41A5-B677-94CD88C1A60B}.Release|x64.ActiveCfg = Release|Any CPU
		{36F428FB-819F-41A5-B677-94CD88C1A60B}.Release|x64.Build.0 = Release|Any CPU
		{36F428FB-819F-41A5-B677-94CD88C1A60B}.Release|x86.ActiveCfg = Release|Any CPU
		{36F428FB-819F-41A5-B677-94CD88C1A60B}.Release|x86.Build.0 = Release|Any CPU
		{95B40166-9E0B-408A-ADCA-D8725989707D}.Debug|Any CPU.ActiveCfg = Debug|Any CPU
		{95B40166-9E0B-408A-ADCA-D8725989707D}.Debug|Any CPU.Build.0 = Debug|Any CPU
		{95B40166-9E0B-408A-ADCA-D8725989707D}.Debug|x64.ActiveCfg = Debug|Any CPU
		{95B40166-9E0B-408A-ADCA-D8725989707D}.Debug|x64.Build.0 = Debug|Any CPU
		{95B40166-9E0B-408A-ADCA-D8725989707D}.Debug|x86.ActiveCfg = Debug|Any CPU
		{95B40166-9E0B-408A-ADCA-D8725989707D}.Debug|x86.Build.0 = Debug|Any CPU
		{95B40166-9E0B-408A-ADCA-D8725989707D}.Release|Any CPU.ActiveCfg = Release|Any CPU
		{95B40166-9E0B-408A-ADCA-D8725989707D}.Release|Any CPU.Build.0 = Release|Any CPU
		{95B40166-9E0B-408A-ADCA-D8725989707D}.Release|x64.ActiveCfg = Release|Any CPU
		{95B40166-9E0B-408A-ADCA-D8725989707D}.Release|x64.Build.0 = Release|Any CPU
		{95B40166-9E0B-408A-ADCA-D8725989707D}.Release|x86.ActiveCfg = Release|Any CPU
		{95B40166-9E0B-408A-ADCA-D8725989707D}.Release|x86.Build.0 = Release|Any CPU
		{6439A043-1546-41B9-BC41-F586DDD94889}.Debug|Any CPU.ActiveCfg = Debug|Any CPU
		{6439A043-1546-41B9-BC41-F586DDD94889}.Debug|Any CPU.Build.0 = Debug|Any CPU
		{6439A043-1546-41B9-BC41-F586DDD94889}.Debug|x64.ActiveCfg = Debug|Any CPU
		{6439A043-1546-41B9-BC41-F586DDD94889}.Debug|x64.Build.0 = Debug|Any CPU
		{6439A043-1546-41B9-BC41-F586DDD94889}.Debug|x86.ActiveCfg = Debug|Any CPU
		{6439A043-1546-41B9-BC41-F586DDD94889}.Debug|x86.Build.0 = Debug|Any CPU
		{6439A043-1546-41B9-BC41-F586DDD94889}.Release|Any CPU.ActiveCfg = Release|Any CPU
		{6439A043-1546-41B9-BC41-F586DDD94889}.Release|Any CPU.Build.0 = Release|Any CPU
		{6439A043-1546-41B9-BC41-F586DDD94889}.Release|x64.ActiveCfg = Release|Any CPU
		{6439A043-1546-41B9-BC41-F586DDD94889}.Release|x64.Build.0 = Release|Any CPU
		{6439A043-1546-41B9-BC41-F586DDD94889}.Release|x86.ActiveCfg = Release|Any CPU
		{6439A043-1546-41B9-BC41-F586DDD94889}.Release|x86.Build.0 = Release|Any CPU
		{B97A73E1-FFAD-4BA9-9F95-A10BD3C14732}.Debug|Any CPU.ActiveCfg = Debug|Any CPU
		{B97A73E1-FFAD-4BA9-9F95-A10BD3C14732}.Debug|Any CPU.Build.0 = Debug|Any CPU
		{B97A73E1-FFAD-4BA9-9F95-A10BD3C14732}.Debug|x64.ActiveCfg = Debug|Any CPU
		{B97A73E1-FFAD-4BA9-9F95-A10BD3C14732}.Debug|x64.Build.0 = Debug|Any CPU
		{B97A73E1-FFAD-4BA9-9F95-A10BD3C14732}.Debug|x86.ActiveCfg = Debug|Any CPU
		{B97A73E1-FFAD-4BA9-9F95-A10BD3C14732}.Debug|x86.Build.0 = Debug|Any CPU
		{B97A73E1-FFAD-4BA9-9F95-A10BD3C14732}.Release|Any CPU.ActiveCfg = Release|Any CPU
		{B97A73E1-FFAD-4BA9-9F95-A10BD3C14732}.Release|Any CPU.Build.0 = Release|Any CPU
		{B97A73E1-FFAD-4BA9-9F95-A10BD3C14732}.Release|x64.ActiveCfg = Release|Any CPU
		{B97A73E1-FFAD-4BA9-9F95-A10BD3C14732}.Release|x64.Build.0 = Release|Any CPU
		{B97A73E1-FFAD-4BA9-9F95-A10BD3C14732}.Release|x86.ActiveCfg = Release|Any CPU
		{B97A73E1-FFAD-4BA9-9F95-A10BD3C14732}.Release|x86.Build.0 = Release|Any CPU
	EndGlobalSection
	GlobalSection(SolutionProperties) = preSolution
		HideSolutionNode = FALSE
	EndGlobalSection
	GlobalSection(NestedProjects) = preSolution
		{981CA831-BC43-49E7-A02A-A4E0D625C383} = {8D0D8232-C48D-49D8-9269-C48AA71B8954}
		{5592197E-EE52-4824-B12B-419EB1AE8D27} = {8D0D8232-C48D-49D8-9269-C48AA71B8954}
		{0D53D6E1-8729-4A5E-A378-D32E447540FB} = {8D0D8232-C48D-49D8-9269-C48AA71B8954}
		{640153D9-6A1E-A4B3-90FE-9EE6953577C2} = {0D53D6E1-8729-4A5E-A378-D32E447540FB}
		{599F9F44-737A-4694-927C-86A4B745B739} = {5592197E-EE52-4824-B12B-419EB1AE8D27}
		{49D31BA4-5198-4984-928B-370884809480} = {599F9F44-737A-4694-927C-86A4B745B739}
		{E8884203-C982-4AC8-8466-EF06A59F464E} = {599F9F44-737A-4694-927C-86A4B745B739}
		{C4B39EF6-1E8E-4EFE-8545-BF2FEC72D836} = {599F9F44-737A-4694-927C-86A4B745B739}
		{6399EAE4-3613-4F81-86E4-59962032DA03} = {981CA831-BC43-49E7-A02A-A4E0D625C383}
		{00C1F0E0-E2B1-43B8-87A0-DAD56B7D2FD6} = {981CA831-BC43-49E7-A02A-A4E0D625C383}
		{CE63E25E-CA96-92A2-69B3-E5217C2098D8} = {981CA831-BC43-49E7-A02A-A4E0D625C383}
		{4586E9A0-D586-4B1E-AABA-284F6A6CFEA1} = {981CA831-BC43-49E7-A02A-A4E0D625C383}
		{AD41694F-B347-499A-9D2E-FE39FE324B44} = {981CA831-BC43-49E7-A02A-A4E0D625C383}
		{9066550C-A105-4E4F-8044-7629C553E82F} = {981CA831-BC43-49E7-A02A-A4E0D625C383}
		{BE30D9A6-4398-419E-BCE0-0C2F07ECCC25} = {599F9F44-737A-4694-927C-86A4B745B739}
		{36F428FB-819F-41A5-B677-94CD88C1A60B} = {BE30D9A6-4398-419E-BCE0-0C2F07ECCC25}
		{9F335CCF-D232-4A80-8AC2-36B86809ECEE} = {5592197E-EE52-4824-B12B-419EB1AE8D27}
		{95B40166-9E0B-408A-ADCA-D8725989707D} = {9F335CCF-D232-4A80-8AC2-36B86809ECEE}
		{6439A043-1546-41B9-BC41-F586DDD94889} = {9F335CCF-D232-4A80-8AC2-36B86809ECEE}
		{B97A73E1-FFAD-4BA9-9F95-A10BD3C14732} = {9F335CCF-D232-4A80-8AC2-36B86809ECEE}
	EndGlobalSection
	GlobalSection(ExtensibilityGlobals) = postSolution
		SolutionGuid = {B308D70C-D10D-473A-9147-A79E1E0A12A9}
	EndGlobalSection
EndGlobal
